
Microsoft Visual Studio Solution File, Format Version 12.00
# Visual Studio Version 16
VisualStudioVersion = 16.0.31911.196
MinimumVisualStudioVersion = 10.0.40219.1
Project("{9A19103F-16F7-4668-BE54-9A1E7A4F7556}") = "RihalAssignmentBlazorUI.Web", "RihalAssignmentBlazorUI.Web\RihalAssignmentBlazorUI.Web.csproj", "{8145D7CA-1778-42F5-BE7D-3DE348B77A45}"
EndProject
Project("{9A19103F-16F7-4668-BE54-9A1E7A4F7556}") = "RihalAssignment.Models", "RihalAssignment.Models\RihalAssignment.Models.csproj", "{CC7879A3-8A3B-4FC2-B727-2899E8052791}"
EndProject
Project("{9A19103F-16F7-4668-BE54-9A1E7A4F7556}") = "RihalAssignment.Api", "RihalAssignment.Api\RihalAssignment.Api.csproj", "{5ECD5635-9A98-44C2-87A0-F1C6550B29B3}"
EndProject
Global
	GlobalSection(SolutionConfigurationPlatforms) = preSolution
		Debug|Any CPU = Debug|Any CPU
		Release|Any CPU = Release|Any CPU
	EndGlobalSection
	GlobalSection(ProjectConfigurationPlatforms) = postSolution
		{8145D7CA-1778-42F5-BE7D-3DE348B77A45}.Debug|Any CPU.ActiveCfg = Debug|Any CPU
		{8145D7CA-1778-42F5-BE7D-3DE348B77A45}.Debug|Any CPU.Build.0 = Debug|Any CPU
		{8145D7CA-1778-42F5-BE7D-3DE348B77A45}.Release|Any CPU.ActiveCfg = Release|Any CPU
		{8145D7CA-1778-42F5-BE7D-3DE348B77A45}.Release|Any CPU.Build.0 = Release|Any CPU
		{CC7879A3-8A3B-4FC2-B727-2899E8052791}.Debug|Any CPU.ActiveCfg = Debug|Any CPU
		{CC7879A3-8A3B-4FC2-B727-2899E8052791}.Debug|Any CPU.Build.0 = Debug|Any CPU
		{CC7879A3-8A3B-4FC2-B727-2899E8052791}.Release|Any CPU.ActiveCfg = Release|Any CPU
		{CC7879A3-8A3B-4FC2-B727-2899E8052791}.Release|Any CPU.Build.0 = Release|Any CPU
		{5ECD5635-9A98-44C2-87A0-F1C6550B29B3}.Debug|Any CPU.ActiveCfg = Debug|Any CPU
		{5ECD5635-9A98-44C2-87A0-F1C6550B29B3}.Debug|Any CPU.Build.0 = Debug|Any CPU
		{5ECD5635-9A98-44C2-87A0-F1C6550B29B3}.Release|Any CPU.ActiveCfg = Release|Any CPU
		{5ECD5635-9A98-44C2-87A0-F1C6550B29B3}.Release|Any CPU.Build.0 = Release|Any CPU
	EndGlobalSection
	GlobalSection(SolutionProperties) = preSolution
		HideSolutionNode = FALSE
	EndGlobalSection
	GlobalSection(ExtensibilityGlobals) = postSolution
		SolutionGuid = {8650D9C4-7836-461D-90DB-A2A98F499DFA}
	EndGlobalSection
EndGlobal
